{
  "version": 4,
  "terraform_version": "1.9.7",
  "serial": 1,
  "lineage": "3d705e49-1b1d-5950-5fa8-8bca74d606c8",
  "outputs": {
    "resource_group_name": {
      "value": "demoapp001-dev",
      "type": "string"
    }
  },
  "resources": [
    {
      "mode": "managed",
      "type": "azurerm_resource_group",
      "name": "rg",
      "provider": "provider[\"registry.terraform.io/hashicorp/azurerm\"]",
      "instances": [
        {
          "schema_version": 0,
          "attributes": {
            "id": "/subscriptions/d8dc14ed-3276-442c-a5a9-1b3c76eb6c45/resourceGroups/demoapp001-dev",
            "location": "westeurope",
            "managed_by": "Mark Bakker",
            "name": "demoapp001-dev",
            "tags": {
              "costcenter": "123456",
              "country": "NL",
              "department": "IT",
              "env": "dev",
              "owner": "mark"
            },
            "timeouts": null
          },
          "sensitive_attributes": [],
          "private": "eyJlMmJmYjczMC1lY2FhLTExZTYtOGY4OC0zNDM2M2JjN2M0YzAiOnsiY3JlYXRlIjo1NDAwMDAwMDAwMDAwLCJkZWxldGUiOjU0MDAwMDAwMDAwMDAsInJlYWQiOjMwMDAwMDAwMDAwMCwidXBkYXRlIjo1NDAwMDAwMDAwMDAwfX0="
        }
      ]
    }
  ],
  "check_results": null
}
